
Microsoft Visual Studio Solution File, Format Version 12.00
# Visual Studio Version 16
VisualStudioVersion = 16.0.30615.102
MinimumVisualStudioVersion = 10.0.40219.1
Project("{FAE04EC0-301F-11D3-BF4B-00C04F79EFBC}") = "File Manager App Dashboard UI", "File Manager App Dashboard UI\File Manager App Dashboard UI.csproj", "{54C94E17-989D-4814-B0F8-5A8C1ACEC9B9}"
EndProject
Global
	GlobalSection(SolutionConfigurationPlatforms) = preSolution
		Debug|Any CPU = Debug|Any CPU
		Release|Any CPU = Release|Any CPU
	EndGlobalSection
	GlobalSection(ProjectConfigurationPlatforms) = postSolution
		{54C94E17-989D-4814-B0F8-5A8C1ACEC9B9}.Debug|Any CPU.ActiveCfg = Debug|Any CPU
		{54C94E17-989D-4814-B0F8-5A8C1ACEC9B9}.Debug|Any CPU.Build.0 = Debug|Any CPU
		{54C94E17-989D-4814-B0F8-5A8C1ACEC9B9}.Release|Any CPU.ActiveCfg = Release|Any CPU
		{54C94E17-989D-4814-B0F8-5A8C1ACEC9B9}.Release|Any CPU.Build.0 = Release|Any CPU
	EndGlobalSection
	GlobalSection(SolutionProperties) = preSolution
		HideSolutionNode = FALSE
	EndGlobalSection
	GlobalSection(ExtensibilityGlobals) = postSolution
		SolutionGuid = {6CB72519-E139-44DE-A713-FD90B2BBDFF1}
	EndGlobalSection
EndGlobal
